
Microsoft Visual Studio Solution File, Format Version 12.00
# Visual Studio Version 16
VisualStudioVersion = 16.0.29905.134
MinimumVisualStudioVersion = 10.0.40219.1
Project("{9092AA53-FB77-4645-B42D-1CCCA6BD08BD}") = "BloggingWebApp", "BloggingWebApp.njsproj", "{2F7A8CB6-112F-401A-904F-F34B1A32B1C0}"
EndProject
Global
	GlobalSection(SolutionConfigurationPlatforms) = preSolution
		Debug|Any CPU = Debug|Any CPU
		Release|Any CPU = Release|Any CPU
	EndGlobalSection
	GlobalSection(ProjectConfigurationPlatforms) = postSolution
		{2F7A8CB6-112F-401A-904F-F34B1A32B1C0}.Debug|Any CPU.ActiveCfg = Debug|Any CPU
		{2F7A8CB6-112F-401A-904F-F34B1A32B1C0}.Debug|Any CPU.Build.0 = Debug|Any CPU
		{2F7A8CB6-112F-401A-904F-F34B1A32B1C0}.Release|Any CPU.ActiveCfg = Release|Any CPU
		{2F7A8CB6-112F-401A-904F-F34B1A32B1C0}.Release|Any CPU.Build.0 = Release|Any CPU
	EndGlobalSection
	GlobalSection(SolutionProperties) = preSolution
		HideSolutionNode = FALSE
	EndGlobalSection
	GlobalSection(ExtensibilityGlobals) = postSolution
		SolutionGuid = {CAF413E2-C8AE-4B51-8F2E-A9901362FCFF}
	EndGlobalSection
EndGlobal
